
Microsoft Visual Studio Solution File, Format Version 11.00
# Visual C# Express 2010
Project("{FAE04EC0-301F-11D3-BF4B-00C04F79EFBC}") = "MyGame", "MyGame\MyGame\MyGame.csproj", "{D13D8CDE-ECFA-4936-A3B2-67153A7935ED}"
EndProject
Project("{96E2B04D-8817-42C6-938A-82C39BA4D311}") = "MyGameContent", "MyGame\MyGameContent\MyGameContent.contentproj", "{BC588426-B264-42D5-A828-FA2CC7E9FCEA}"
EndProject
Global
	GlobalSection(SolutionConfigurationPlatforms) = preSolution
		Debug|x86 = Debug|x86
		Release|x86 = Release|x86
	EndGlobalSection
	GlobalSection(ProjectConfigurationPlatforms) = postSolution
		{D13D8CDE-ECFA-4936-A3B2-67153A7935ED}.Debug|x86.ActiveCfg = Debug|x86
		{D13D8CDE-ECFA-4936-A3B2-67153A7935ED}.Debug|x86.Build.0 = Debug|x86
		{D13D8CDE-ECFA-4936-A3B2-67153A7935ED}.Release|x86.ActiveCfg = Release|x86
		{D13D8CDE-ECFA-4936-A3B2-67153A7935ED}.Release|x86.Build.0 = Release|x86
		{BC588426-B264-42D5-A828-FA2CC7E9FCEA}.Debug|x86.ActiveCfg = Debug|x86
		{BC588426-B264-42D5-A828-FA2CC7E9FCEA}.Release|x86.ActiveCfg = Release|x86
	EndGlobalSection
	GlobalSection(SolutionProperties) = preSolution
		HideSolutionNode = FALSE
	EndGlobalSection
EndGlobal
